{
  "nodes": {
    "fenix": {
      "inputs": {
        "nixpkgs": [
          "nixpkgs"
        ],
        "rust-analyzer-src": "rust-analyzer-src"
      },
      "locked": {
        "lastModified": 1710742993,
        "narHash": "sha256-W0PQCe0bW3hKF5lHawXrKynBcdSP18Qa4sb8DcUfOqI=",
        "owner": "nix-community",
        "repo": "fenix",
        "rev": "6f2fec850f569d61562d3a47dc263f19e9c7d825",
        "type": "github"
      },
      "original": {
        "owner": "nix-community",
        "repo": "fenix",
        "type": "github"
      }
    },
    "nixpkgs": {
      "locked": {
        "lastModified": 1710631334,
        "narHash": "sha256-rL5LSYd85kplL5othxK5lmAtjyMOBg390sGBTb3LRMM=",
        "owner": "NixOS",
        "repo": "nixpkgs",
        "rev": "c75037bbf9093a2acb617804ee46320d6d1fea5a",
        "type": "github"
      },
      "original": {
        "owner": "NixOS",
        "ref": "nixos-unstable",
        "repo": "nixpkgs",
        "type": "github"
      }
    },
    "root": {
      "inputs": {
        "fenix": "fenix",
        "nixpkgs": "nixpkgs",
        "systems": "systems"
      }
    },
    "rust-analyzer-src": {
      "flake": false,
      "locked": {
        "lastModified": 1710708100,
        "narHash": "sha256-Jd6pmXlwKk5uYcjyO/8BfbUVmx8g31Qfk7auI2IG66A=",
        "owner": "rust-lang",
        "repo": "rust-analyzer",
        "rev": "b6d1887bc4f9543b6c6bf098179a62446f34a6c3",
        "type": "github"
      },
      "original": {
        "owner": "rust-lang",
        "ref": "nightly",
        "repo": "rust-analyzer",
        "type": "github"
      }
    },
    "systems": {
      "locked": {
        "lastModified": 1689347949,
        "narHash": "sha256-12tWmuL2zgBgZkdoB6qXZsgJEH9LR3oUgpaQq2RbI80=",
        "owner": "nix-systems",
        "repo": "default-linux",
        "rev": "31732fcf5e8fea42e59c2488ad31a0e651500f68",
        "type": "github"
      },
      "original": {
        "owner": "nix-systems",
        "repo": "default-linux",
        "type": "github"
      }
    }
  },
  "root": "root",
  "version": 7
}
